
Microsoft Visual Studio Solution File, Format Version 12.00
# Visual Studio Version 17
VisualStudioVersion = 17.4.33213.308
MinimumVisualStudioVersion = 10.0.40219.1
Project("{9A19103F-16F7-4668-BE54-9A1E7A4F7556}") = "lesohem-ASP NET-MVC", "lesohem-ASP NET-MVC\lesohem-ASP NET-MVC.csproj", "{0DBF1B53-1627-4398-880E-949E390E63A2}"
EndProject
Global
	GlobalSection(SolutionConfigurationPlatforms) = preSolution
		Debug|Any CPU = Debug|Any CPU
		Release|Any CPU = Release|Any CPU
	EndGlobalSection
	GlobalSection(ProjectConfigurationPlatforms) = postSolution
		{0DBF1B53-1627-4398-880E-949E390E63A2}.Debug|Any CPU.ActiveCfg = Debug|Any CPU
		{0DBF1B53-1627-4398-880E-949E390E63A2}.Debug|Any CPU.Build.0 = Debug|Any CPU
		{0DBF1B53-1627-4398-880E-949E390E63A2}.Release|Any CPU.ActiveCfg = Release|Any CPU
		{0DBF1B53-1627-4398-880E-949E390E63A2}.Release|Any CPU.Build.0 = Release|Any CPU
	EndGlobalSection
	GlobalSection(SolutionProperties) = preSolution
		HideSolutionNode = FALSE
	EndGlobalSection
	GlobalSection(ExtensibilityGlobals) = postSolution
		SolutionGuid = {8B8F0C4E-F785-4F08-BDB9-954F7873D4D7}
	EndGlobalSection
EndGlobal
